
Microsoft Visual Studio Solution File, Format Version 12.00
# Visual Studio Version 16
VisualStudioVersion = 16.0.30503.244
MinimumVisualStudioVersion = 10.0.40219.1
Project("{9A19103F-16F7-4668-BE54-9A1E7A4F7556}") = "RWhoisClient", "RWhoisClient\RWhoisClient.csproj", "{AEE17B72-20A3-48AE-9303-0CD7739DECA0}"
EndProject
Project("{FAE04EC0-301F-11D3-BF4B-00C04F79EFBC}") = "RWhoisConsole", "RWhoisClient.Console\RWhoisConsole.csproj", "{11FA06D7-0E85-4F77-9F74-DB38EFF15951}"
EndProject
Project("{9A19103F-16F7-4668-BE54-9A1E7A4F7556}") = "RWhoisCrawler", "RWhoisCrawler\RWhoisCrawler.csproj", "{E64568F2-44D6-49D0-963D-951F7A7FD856}"
EndProject
Project("{9A19103F-16F7-4668-BE54-9A1E7A4F7556}") = "WhoisDatabaseParsers", "WhoisDatabaseParsers\WhoisDatabaseParsers.csproj", "{E8A91E7F-4939-4737-97DA-C7E02FC11352}"
EndProject
Project("{FAE04EC0-301F-11D3-BF4B-00C04F79EFBC}") = "WhoisDatabaseParsers.Tests", "WhoisDatabaseParsers.Tests\WhoisDatabaseParsers.Tests.csproj", "{4579ED3D-E3AA-44B3-8933-610C46EC213A}"
EndProject
Project("{9A19103F-16F7-4668-BE54-9A1E7A4F7556}") = "WhoisDownload", "WhoisDownload\WhoisDownload.csproj", "{B05F8F6C-97EA-4C3F-B91A-BC6CC093EF7B}"
EndProject
Project("{9A19103F-16F7-4668-BE54-9A1E7A4F7556}") = "WhoisNormalization", "WhoisNormalization\WhoisNormalization.csproj", "{EFCF5080-9EFA-4D7D-BDD2-246DF69469F1}"
EndProject
Project("{FAE04EC0-301F-11D3-BF4B-00C04F79EFBC}") = "WhoisNormalization.Tests", "WhoisNormalization.Tests\WhoisNormalization.Tests.csproj", "{880A8BBC-A858-44C6-A7A5-530BC11DC1D6}"
EndProject
Project("{9A19103F-16F7-4668-BE54-9A1E7A4F7556}") = "WhoisTsvExport", "WhoisTsvExport\WhoisTsvExport.csproj", "{C8F87A11-ACDA-4246-92CB-C4831DF1A4F6}"
EndProject
Project("{9A19103F-16F7-4668-BE54-9A1E7A4F7556}") = "WhoisUtils", "WhoisUtils\WhoisUtils.csproj", "{1FEBAF48-DF3F-48A6-8DE0-9545D4926776}"
EndProject
Project("{FAE04EC0-301F-11D3-BF4B-00C04F79EFBC}") = "WhoisUtils.Tests", "WhoisUtils.Tests\WhoisUtils.Tests.csproj", "{F9966820-F302-4FFD-BFAF-E16026D6B77F}"
EndProject
Global
	GlobalSection(SolutionConfigurationPlatforms) = preSolution
		Debug|Any CPU = Debug|Any CPU
		Debug-Net45|Any CPU = Debug-Net45|Any CPU
		Nunit-Net45|Any CPU = Nunit-Net45|Any CPU
		Release|Any CPU = Release|Any CPU
		Release-Net40|Any CPU = Release-Net40|Any CPU
		Release-Net45|Any CPU = Release-Net45|Any CPU
	EndGlobalSection
	GlobalSection(ProjectConfigurationPlatforms) = postSolution
		{AEE17B72-20A3-48AE-9303-0CD7739DECA0}.Debug|Any CPU.ActiveCfg = Debug|Any CPU
		{AEE17B72-20A3-48AE-9303-0CD7739DECA0}.Debug|Any CPU.Build.0 = Debug|Any CPU
		{AEE17B72-20A3-48AE-9303-0CD7739DECA0}.Debug-Net45|Any CPU.ActiveCfg = Debug|Any CPU
		{AEE17B72-20A3-48AE-9303-0CD7739DECA0}.Debug-Net45|Any CPU.Build.0 = Debug|Any CPU
		{AEE17B72-20A3-48AE-9303-0CD7739DECA0}.Nunit-Net45|Any CPU.ActiveCfg = Release|Any CPU
		{AEE17B72-20A3-48AE-9303-0CD7739DECA0}.Nunit-Net45|Any CPU.Build.0 = Release|Any CPU
		{AEE17B72-20A3-48AE-9303-0CD7739DECA0}.Release|Any CPU.ActiveCfg = Release|Any CPU
		{AEE17B72-20A3-48AE-9303-0CD7739DECA0}.Release|Any CPU.Build.0 = Release|Any CPU
		{AEE17B72-20A3-48AE-9303-0CD7739DECA0}.Release-Net40|Any CPU.ActiveCfg = Release|Any CPU
		{AEE17B72-20A3-48AE-9303-0CD7739DECA0}.Release-Net40|Any CPU.Build.0 = Release|Any CPU
		{AEE17B72-20A3-48AE-9303-0CD7739DECA0}.Release-Net45|Any CPU.ActiveCfg = Release|Any CPU
		{AEE17B72-20A3-48AE-9303-0CD7739DECA0}.Release-Net45|Any CPU.Build.0 = Release|Any CPU
		{11FA06D7-0E85-4F77-9F74-DB38EFF15951}.Debug|Any CPU.ActiveCfg = Debug-Net45|Any CPU
		{11FA06D7-0E85-4F77-9F74-DB38EFF15951}.Debug|Any CPU.Build.0 = Debug-Net45|Any CPU
		{11FA06D7-0E85-4F77-9F74-DB38EFF15951}.Debug-Net45|Any CPU.ActiveCfg = Debug-Net45|Any CPU
		{11FA06D7-0E85-4F77-9F74-DB38EFF15951}.Debug-Net45|Any CPU.Build.0 = Debug-Net45|Any CPU
		{11FA06D7-0E85-4F77-9F74-DB38EFF15951}.Nunit-Net45|Any CPU.ActiveCfg = Nunit-Net45|Any CPU
		{11FA06D7-0E85-4F77-9F74-DB38EFF15951}.Nunit-Net45|Any CPU.Build.0 = Nunit-Net45|Any CPU
		{11FA06D7-0E85-4F77-9F74-DB38EFF15951}.Release|Any CPU.ActiveCfg = Release-Net45|Any CPU
		{11FA06D7-0E85-4F77-9F74-DB38EFF15951}.Release|Any CPU.Build.0 = Release-Net45|Any CPU
		{11FA06D7-0E85-4F77-9F74-DB38EFF15951}.Release-Net40|Any CPU.ActiveCfg = Release-Net40|Any CPU
		{11FA06D7-0E85-4F77-9F74-DB38EFF15951}.Release-Net40|Any CPU.Build.0 = Release-Net40|Any CPU
		{11FA06D7-0E85-4F77-9F74-DB38EFF15951}.Release-Net45|Any CPU.ActiveCfg = Release-Net45|Any CPU
		{11FA06D7-0E85-4F77-9F74-DB38EFF15951}.Release-Net45|Any CPU.Build.0 = Release-Net45|Any CPU
		{E64568F2-44D6-49D0-963D-951F7A7FD856}.Debug|Any CPU.ActiveCfg = Debug|Any CPU
		{E64568F2-44D6-49D0-963D-951F7A7FD856}.Debug|Any CPU.Build.0 = Debug|Any CPU
		{E64568F2-44D6-49D0-963D-951F7A7FD856}.Debug-Net45|Any CPU.ActiveCfg = Debug|Any CPU
		{E64568F2-44D6-49D0-963D-951F7A7FD856}.Debug-Net45|Any CPU.Build.0 = Debug|Any CPU
		{E64568F2-44D6-49D0-963D-951F7A7FD856}.Nunit-Net45|Any CPU.ActiveCfg = Release|Any CPU
		{E64568F2-44D6-49D0-963D-951F7A7FD856}.Nunit-Net45|Any CPU.Build.0 = Release|Any CPU
		{E64568F2-44D6-49D0-963D-951F7A7FD856}.Release|Any CPU.ActiveCfg = Release|Any CPU
		{E64568F2-44D6-49D0-963D-951F7A7FD856}.Release|Any CPU.Build.0 = Release|Any CPU
		{E64568F2-44D6-49D0-963D-951F7A7FD856}.Release-Net40|Any CPU.ActiveCfg = Release|Any CPU
		{E64568F2-44D6-49D0-963D-951F7A7FD856}.Release-Net40|Any CPU.Build.0 = Release|Any CPU
		{E64568F2-44D6-49D0-963D-951F7A7FD856}.Release-Net45|Any CPU.ActiveCfg = Release|Any CPU
		{E64568F2-44D6-49D0-963D-951F7A7FD856}.Release-Net45|Any CPU.Build.0 = Release|Any CPU
		{E8A91E7F-4939-4737-97DA-C7E02FC11352}.Debug|Any CPU.ActiveCfg = Debug|Any CPU
		{E8A91E7F-4939-4737-97DA-C7E02FC11352}.Debug|Any CPU.Build.0 = Debug|Any CPU
		{E8A91E7F-4939-4737-97DA-C7E02FC11352}.Debug-Net45|Any CPU.ActiveCfg = Debug|Any CPU
		{E8A91E7F-4939-4737-97DA-C7E02FC11352}.Debug-Net45|Any CPU.Build.0 = Debug|Any CPU
		{E8A91E7F-4939-4737-97DA-C7E02FC11352}.Nunit-Net45|Any CPU.ActiveCfg = Release|Any CPU
		{E8A91E7F-4939-4737-97DA-C7E02FC11352}.Nunit-Net45|Any CPU.Build.0 = Release|Any CPU
		{E8A91E7F-4939-4737-97DA-C7E02FC11352}.Release|Any CPU.ActiveCfg = Release|Any CPU
		{E8A91E7F-4939-4737-97DA-C7E02FC11352}.Release|Any CPU.Build.0 = Release|Any CPU
		{E8A91E7F-4939-4737-97DA-C7E02FC11352}.Release-Net40|Any CPU.ActiveCfg = Release|Any CPU
		{E8A91E7F-4939-4737-97DA-C7E02FC11352}.Release-Net40|Any CPU.Build.0 = Release|Any CPU
		{E8A91E7F-4939-4737-97DA-C7E02FC11352}.Release-Net45|Any CPU.ActiveCfg = Release|Any CPU
		{E8A91E7F-4939-4737-97DA-C7E02FC11352}.Release-Net45|Any CPU.Build.0 = Release|Any CPU
		{4579ED3D-E3AA-44B3-8933-610C46EC213A}.Debug|Any CPU.ActiveCfg = Debug-Net45|Any CPU
		{4579ED3D-E3AA-44B3-8933-610C46EC213A}.Debug|Any CPU.Build.0 = Debug-Net45|Any CPU
		{4579ED3D-E3AA-44B3-8933-610C46EC213A}.Debug-Net45|Any CPU.ActiveCfg = Debug-Net45|Any CPU
		{4579ED3D-E3AA-44B3-8933-610C46EC213A}.Debug-Net45|Any CPU.Build.0 = Debug-Net45|Any CPU
		{4579ED3D-E3AA-44B3-8933-610C46EC213A}.Nunit-Net45|Any CPU.ActiveCfg = Nunit-Net45|Any CPU
		{4579ED3D-E3AA-44B3-8933-610C46EC213A}.Nunit-Net45|Any CPU.Build.0 = Nunit-Net45|Any CPU
		{4579ED3D-E3AA-44B3-8933-610C46EC213A}.Release|Any CPU.ActiveCfg = Release-Net45|Any CPU
		{4579ED3D-E3AA-44B3-8933-610C46EC213A}.Release|Any CPU.Build.0 = Release-Net45|Any CPU
		{4579ED3D-E3AA-44B3-8933-610C46EC213A}.Release-Net40|Any CPU.ActiveCfg = Release-Net40|Any CPU
		{4579ED3D-E3AA-44B3-8933-610C46EC213A}.Release-Net40|Any CPU.Build.0 = Release-Net40|Any CPU
		{4579ED3D-E3AA-44B3-8933-610C46EC213A}.Release-Net45|Any CPU.ActiveCfg = Release-Net45|Any CPU
		{4579ED3D-E3AA-44B3-8933-610C46EC213A}.Release-Net45|Any CPU.Build.0 = Release-Net45|Any CPU
		{B05F8F6C-97EA-4C3F-B91A-BC6CC093EF7B}.Debug|Any CPU.ActiveCfg = Debug|Any CPU
		{B05F8F6C-97EA-4C3F-B91A-BC6CC093EF7B}.Debug|Any CPU.Build.0 = Debug|Any CPU
		{B05F8F6C-97EA-4C3F-B91A-BC6CC093EF7B}.Debug-Net45|Any CPU.ActiveCfg = Debug|Any CPU
		{B05F8F6C-97EA-4C3F-B91A-BC6CC093EF7B}.Debug-Net45|Any CPU.Build.0 = Debug|Any CPU
		{B05F8F6C-97EA-4C3F-B91A-BC6CC093EF7B}.Nunit-Net45|Any CPU.ActiveCfg = Release|Any CPU
		{B05F8F6C-97EA-4C3F-B91A-BC6CC093EF7B}.Nunit-Net45|Any CPU.Build.0 = Release|Any CPU
		{B05F8F6C-97EA-4C3F-B91A-BC6CC093EF7B}.Release|Any CPU.ActiveCfg = Release|Any CPU
		{B05F8F6C-97EA-4C3F-B91A-BC6CC093EF7B}.Release|Any CPU.Build.0 = Release|Any CPU
		{B05F8F6C-97EA-4C3F-B91A-BC6CC093EF7B}.Release-Net40|Any CPU.ActiveCfg = Release|Any CPU
		{B05F8F6C-97EA-4C3F-B91A-BC6CC093EF7B}.Release-Net40|Any CPU.Build.0 = Release|Any CPU
		{B05F8F6C-97EA-4C3F-B91A-BC6CC093EF7B}.Release-Net45|Any CPU.ActiveCfg = Release|Any CPU
		{B05F8F6C-97EA-4C3F-B91A-BC6CC093EF7B}.Release-Net45|Any CPU.Build.0 = Release|Any CPU
		{EFCF5080-9EFA-4D7D-BDD2-246DF69469F1}.Debug|Any CPU.ActiveCfg = Debug|Any CPU
		{EFCF5080-9EFA-4D7D-BDD2-246DF69469F1}.Debug|Any CPU.Build.0 = Debug|Any CPU
		{EFCF5080-9EFA-4D7D-BDD2-246DF69469F1}.Debug-Net45|Any CPU.ActiveCfg = Debug|Any CPU
		{EFCF5080-9EFA-4D7D-BDD2-246DF69469F1}.Debug-Net45|Any CPU.Build.0 = Debug|Any CPU
		{EFCF5080-9EFA-4D7D-BDD2-246DF69469F1}.Nunit-Net45|Any CPU.ActiveCfg = Release|Any CPU
		{EFCF5080-9EFA-4D7D-BDD2-246DF69469F1}.Nunit-Net45|Any CPU.Build.0 = Release|Any CPU
		{EFCF5080-9EFA-4D7D-BDD2-246DF69469F1}.Release|Any CPU.ActiveCfg = Release|Any CPU
		{EFCF5080-9EFA-4D7D-BDD2-246DF69469F1}.Release|Any CPU.Build.0 = Release|Any CPU
		{EFCF5080-9EFA-4D7D-BDD2-246DF69469F1}.Release-Net40|Any CPU.ActiveCfg = Release|Any CPU
		{EFCF5080-9EFA-4D7D-BDD2-246DF69469F1}.Release-Net40|Any CPU.Build.0 = Release|Any CPU
		{EFCF5080-9EFA-4D7D-BDD2-246DF69469F1}.Release-Net45|Any CPU.ActiveCfg = Release|Any CPU
		{EFCF5080-9EFA-4D7D-BDD2-246DF69469F1}.Release-Net45|Any CPU.Build.0 = Release|Any CPU
		{880A8BBC-A858-44C6-A7A5-530BC11DC1D6}.Debug|Any CPU.ActiveCfg = Debug-Net45|Any CPU
		{880A8BBC-A858-44C6-A7A5-530BC11DC1D6}.Debug|Any CPU.Build.0 = Debug-Net45|Any CPU
		{880A8BBC-A858-44C6-A7A5-530BC11DC1D6}.Debug-Net45|Any CPU.ActiveCfg = Debug-Net45|Any CPU
		{880A8BBC-A858-44C6-A7A5-530BC11DC1D6}.Debug-Net45|Any CPU.Build.0 = Debug-Net45|Any CPU
		{880A8BBC-A858-44C6-A7A5-530BC11DC1D6}.Nunit-Net45|Any CPU.ActiveCfg = Nunit-Net45|Any CPU
		{880A8BBC-A858-44C6-A7A5-530BC11DC1D6}.Nunit-Net45|Any CPU.Build.0 = Nunit-Net45|Any CPU
		{880A8BBC-A858-44C6-A7A5-530BC11DC1D6}.Release|Any CPU.ActiveCfg = Release-Net45|Any CPU
		{880A8BBC-A858-44C6-A7A5-530BC11DC1D6}.Release|Any CPU.Build.0 = Release-Net45|Any CPU
		{880A8BBC-A858-44C6-A7A5-530BC11DC1D6}.Release-Net40|Any CPU.ActiveCfg = Release-Net40|Any CPU
		{880A8BBC-A858-44C6-A7A5-530BC11DC1D6}.Release-Net40|Any CPU.Build.0 = Release-Net40|Any CPU
		{880A8BBC-A858-44C6-A7A5-530BC11DC1D6}.Release-Net45|Any CPU.ActiveCfg = Release-Net45|Any CPU
		{880A8BBC-A858-44C6-A7A5-530BC11DC1D6}.Release-Net45|Any CPU.Build.0 = Release-Net45|Any CPU
		{C8F87A11-ACDA-4246-92CB-C4831DF1A4F6}.Debug|Any CPU.ActiveCfg = Debug|Any CPU
		{C8F87A11-ACDA-4246-92CB-C4831DF1A4F6}.Debug|Any CPU.Build.0 = Debug|Any CPU
		{C8F87A11-ACDA-4246-92CB-C4831DF1A4F6}.Debug-Net45|Any CPU.ActiveCfg = Debug|Any CPU
		{C8F87A11-ACDA-4246-92CB-C4831DF1A4F6}.Debug-Net45|Any CPU.Build.0 = Debug|Any CPU
		{C8F87A11-ACDA-4246-92CB-C4831DF1A4F6}.Nunit-Net45|Any CPU.ActiveCfg = Release|Any CPU
		{C8F87A11-ACDA-4246-92CB-C4831DF1A4F6}.Nunit-Net45|Any CPU.Build.0 = Release|Any CPU
		{C8F87A11-ACDA-4246-92CB-C4831DF1A4F6}.Release|Any CPU.ActiveCfg = Release|Any CPU
		{C8F87A11-ACDA-4246-92CB-C4831DF1A4F6}.Release|Any CPU.Build.0 = Release|Any CPU
		{C8F87A11-ACDA-4246-92CB-C4831DF1A4F6}.Release-Net40|Any CPU.ActiveCfg = Release|Any CPU
		{C8F87A11-ACDA-4246-92CB-C4831DF1A4F6}.Release-Net40|Any CPU.Build.0 = Release|Any CPU
		{C8F87A11-ACDA-4246-92CB-C4831DF1A4F6}.Release-Net45|Any CPU.ActiveCfg = Release|Any CPU
		{C8F87A11-ACDA-4246-92CB-C4831DF1A4F6}.Release-Net45|Any CPU.Build.0 = Release|Any CPU
		{1FEBAF48-DF3F-48A6-8DE0-9545D4926776}.Debug|Any CPU.ActiveCfg = Debug|Any CPU
		{1FEBAF48-DF3F-48A6-8DE0-9545D4926776}.Debug|Any CPU.Build.0 = Debug|Any CPU
		{1FEBAF48-DF3F-48A6-8DE0-9545D4926776}.Debug-Net45|Any CPU.ActiveCfg = Debug|Any CPU
		{1FEBAF48-DF3F-48A6-8DE0-9545D4926776}.Debug-Net45|Any CPU.Build.0 = Debug|Any CPU
		{1FEBAF48-DF3F-48A6-8DE0-9545D4926776}.Nunit-Net45|Any CPU.ActiveCfg = Release|Any CPU
		{1FEBAF48-DF3F-48A6-8DE0-9545D4926776}.Nunit-Net45|Any CPU.Build.0 = Release|Any CPU
		{1FEBAF48-DF3F-48A6-8DE0-9545D4926776}.Release|Any CPU.ActiveCfg = Release|Any CPU
		{1FEBAF48-DF3F-48A6-8DE0-9545D4926776}.Release|Any CPU.Build.0 = Release|Any CPU
		{1FEBAF48-DF3F-48A6-8DE0-9545D4926776}.Release-Net40|Any CPU.ActiveCfg = Release|Any CPU
		{1FEBAF48-DF3F-48A6-8DE0-9545D4926776}.Release-Net40|Any CPU.Build.0 = Release|Any CPU
		{1FEBAF48-DF3F-48A6-8DE0-9545D4926776}.Release-Net45|Any CPU.ActiveCfg = Release|Any CPU
		{1FEBAF48-DF3F-48A6-8DE0-9545D4926776}.Release-Net45|Any CPU.Build.0 = Release|Any CPU
		{F9966820-F302-4FFD-BFAF-E16026D6B77F}.Debug|Any CPU.ActiveCfg = Debug-Net45|Any CPU
		{F9966820-F302-4FFD-BFAF-E16026D6B77F}.Debug|Any CPU.Build.0 = Debug-Net45|Any CPU
		{F9966820-F302-4FFD-BFAF-E16026D6B77F}.Debug-Net45|Any CPU.ActiveCfg = Debug-Net45|Any CPU
		{F9966820-F302-4FFD-BFAF-E16026D6B77F}.Debug-Net45|Any CPU.Build.0 = Debug-Net45|Any CPU
		{F9966820-F302-4FFD-BFAF-E16026D6B77F}.Nunit-Net45|Any CPU.ActiveCfg = Nunit-Net45|Any CPU
		{F9966820-F302-4FFD-BFAF-E16026D6B77F}.Nunit-Net45|Any CPU.Build.0 = Nunit-Net45|Any CPU
		{F9966820-F302-4FFD-BFAF-E16026D6B77F}.Release|Any CPU.ActiveCfg = Release-Net45|Any CPU
		{F9966820-F302-4FFD-BFAF-E16026D6B77F}.Release|Any CPU.Build.0 = Release-Net45|Any CPU
		{F9966820-F302-4FFD-BFAF-E16026D6B77F}.Release-Net40|Any CPU.ActiveCfg = Release-Net40|Any CPU
		{F9966820-F302-4FFD-BFAF-E16026D6B77F}.Release-Net40|Any CPU.Build.0 = Release-Net40|Any CPU
		{F9966820-F302-4FFD-BFAF-E16026D6B77F}.Release-Net45|Any CPU.ActiveCfg = Release-Net45|Any CPU
		{F9966820-F302-4FFD-BFAF-E16026D6B77F}.Release-Net45|Any CPU.Build.0 = Release-Net45|Any CPU
	EndGlobalSection
	GlobalSection(SolutionProperties) = preSolution
		HideSolutionNode = FALSE
	EndGlobalSection
	GlobalSection(ExtensibilityGlobals) = postSolution
		SolutionGuid = {E11B6910-E7C4-4BD8-B3F6-95579D6E662E}
	EndGlobalSection
EndGlobal
