
Microsoft Visual Studio Solution File, Format Version 12.00
# Visual Studio 14
VisualStudioVersion = 14.0.24720.0
MinimumVisualStudioVersion = 10.0.40219.1
Project("{FAE04EC0-301F-11D3-BF4B-00C04F79EFBC}") = "WhoisDatabaseParsers", "WhoisDatabaseParsers\WhoisDatabaseParsers.csproj", "{E94F9E4F-F386-4063-AA89-C13C846BA76C}"
EndProject
Project("{FAE04EC0-301F-11D3-BF4B-00C04F79EFBC}") = "WhoisDatabaseParsers.Tests", "WhoisDatabaseParsers.Tests\WhoisDatabaseParsers.Tests.csproj", "{4579ED3D-E3AA-44B3-8933-610C46EC213A}"
EndProject
Project("{FAE04EC0-301F-11D3-BF4B-00C04F79EFBC}") = "WhoisUtils", "WhoisUtils\WhoisUtils.csproj", "{C3C377FB-71D2-4900-A27C-49319FBFD8DD}"
EndProject
Project("{FAE04EC0-301F-11D3-BF4B-00C04F79EFBC}") = "WhoisUtils.Tests", "WhoisUtils.Tests\WhoisUtils.Tests.csproj", "{F9966820-F302-4FFD-BFAF-E16026D6B77F}"
EndProject
Project("{FAE04EC0-301F-11D3-BF4B-00C04F79EFBC}") = "RWhoisClient", "RWhoisClient\RWhoisClient.csproj", "{D04A518A-99C4-4E7D-ABED-6641D4280252}"
EndProject
Project("{FAE04EC0-301F-11D3-BF4B-00C04F79EFBC}") = "RWhoisCrawler", "RWhoisCrawler\RWhoisCrawler.csproj", "{7D634A61-C576-4D74-9F47-1A6BA88F1C2E}"
EndProject
Project("{FAE04EC0-301F-11D3-BF4B-00C04F79EFBC}") = "RWhoisConsole", "RWhoisClient.Console\RWhoisConsole.csproj", "{11FA06D7-0E85-4F77-9F74-DB38EFF15951}"
EndProject
Project("{FAE04EC0-301F-11D3-BF4B-00C04F79EFBC}") = "WhoisTsvExport", "WhoisTsvExport\WhoisTsvExport.csproj", "{AA0FC077-5096-45D3-A99B-D6D70C633D0A}"
EndProject
Global
	GlobalSection(SolutionConfigurationPlatforms) = preSolution
		Debug-Net45|Any CPU = Debug-Net45|Any CPU
		Nunit-Net45|Any CPU = Nunit-Net45|Any CPU
		Release-Net40|Any CPU = Release-Net40|Any CPU
		Release-Net45|Any CPU = Release-Net45|Any CPU
	EndGlobalSection
	GlobalSection(ProjectConfigurationPlatforms) = postSolution
		{E94F9E4F-F386-4063-AA89-C13C846BA76C}.Debug-Net45|Any CPU.ActiveCfg = Debug-Net45|Any CPU
		{E94F9E4F-F386-4063-AA89-C13C846BA76C}.Debug-Net45|Any CPU.Build.0 = Debug-Net45|Any CPU
		{E94F9E4F-F386-4063-AA89-C13C846BA76C}.Nunit-Net45|Any CPU.ActiveCfg = Nunit-Net45|Any CPU
		{E94F9E4F-F386-4063-AA89-C13C846BA76C}.Nunit-Net45|Any CPU.Build.0 = Nunit-Net45|Any CPU
		{E94F9E4F-F386-4063-AA89-C13C846BA76C}.Release-Net40|Any CPU.ActiveCfg = Release-Net40|Any CPU
		{E94F9E4F-F386-4063-AA89-C13C846BA76C}.Release-Net40|Any CPU.Build.0 = Release-Net40|Any CPU
		{E94F9E4F-F386-4063-AA89-C13C846BA76C}.Release-Net45|Any CPU.ActiveCfg = Release-Net45|Any CPU
		{E94F9E4F-F386-4063-AA89-C13C846BA76C}.Release-Net45|Any CPU.Build.0 = Release-Net45|Any CPU
		{4579ED3D-E3AA-44B3-8933-610C46EC213A}.Debug-Net45|Any CPU.ActiveCfg = Debug-Net45|Any CPU
		{4579ED3D-E3AA-44B3-8933-610C46EC213A}.Debug-Net45|Any CPU.Build.0 = Debug-Net45|Any CPU
		{4579ED3D-E3AA-44B3-8933-610C46EC213A}.Nunit-Net45|Any CPU.ActiveCfg = Nunit-Net45|Any CPU
		{4579ED3D-E3AA-44B3-8933-610C46EC213A}.Nunit-Net45|Any CPU.Build.0 = Nunit-Net45|Any CPU
		{4579ED3D-E3AA-44B3-8933-610C46EC213A}.Release-Net40|Any CPU.ActiveCfg = Release-Net40|Any CPU
		{4579ED3D-E3AA-44B3-8933-610C46EC213A}.Release-Net40|Any CPU.Build.0 = Release-Net40|Any CPU
		{4579ED3D-E3AA-44B3-8933-610C46EC213A}.Release-Net45|Any CPU.ActiveCfg = Release-Net45|Any CPU
		{4579ED3D-E3AA-44B3-8933-610C46EC213A}.Release-Net45|Any CPU.Build.0 = Release-Net45|Any CPU
		{C3C377FB-71D2-4900-A27C-49319FBFD8DD}.Debug-Net45|Any CPU.ActiveCfg = Debug-Net45|Any CPU
		{C3C377FB-71D2-4900-A27C-49319FBFD8DD}.Debug-Net45|Any CPU.Build.0 = Debug-Net45|Any CPU
		{C3C377FB-71D2-4900-A27C-49319FBFD8DD}.Nunit-Net45|Any CPU.ActiveCfg = Nunit-Net45|Any CPU
		{C3C377FB-71D2-4900-A27C-49319FBFD8DD}.Nunit-Net45|Any CPU.Build.0 = Nunit-Net45|Any CPU
		{C3C377FB-71D2-4900-A27C-49319FBFD8DD}.Release-Net40|Any CPU.ActiveCfg = Release-Net40|Any CPU
		{C3C377FB-71D2-4900-A27C-49319FBFD8DD}.Release-Net40|Any CPU.Build.0 = Release-Net40|Any CPU
		{C3C377FB-71D2-4900-A27C-49319FBFD8DD}.Release-Net45|Any CPU.ActiveCfg = Release-Net45|Any CPU
		{C3C377FB-71D2-4900-A27C-49319FBFD8DD}.Release-Net45|Any CPU.Build.0 = Release-Net45|Any CPU
		{F9966820-F302-4FFD-BFAF-E16026D6B77F}.Debug-Net45|Any CPU.ActiveCfg = Debug-Net45|Any CPU
		{F9966820-F302-4FFD-BFAF-E16026D6B77F}.Debug-Net45|Any CPU.Build.0 = Debug-Net45|Any CPU
		{F9966820-F302-4FFD-BFAF-E16026D6B77F}.Nunit-Net45|Any CPU.ActiveCfg = Nunit-Net45|Any CPU
		{F9966820-F302-4FFD-BFAF-E16026D6B77F}.Nunit-Net45|Any CPU.Build.0 = Nunit-Net45|Any CPU
		{F9966820-F302-4FFD-BFAF-E16026D6B77F}.Release-Net40|Any CPU.ActiveCfg = Release-Net40|Any CPU
		{F9966820-F302-4FFD-BFAF-E16026D6B77F}.Release-Net40|Any CPU.Build.0 = Release-Net40|Any CPU
		{F9966820-F302-4FFD-BFAF-E16026D6B77F}.Release-Net45|Any CPU.ActiveCfg = Release-Net45|Any CPU
		{F9966820-F302-4FFD-BFAF-E16026D6B77F}.Release-Net45|Any CPU.Build.0 = Release-Net45|Any CPU
		{D04A518A-99C4-4E7D-ABED-6641D4280252}.Debug-Net45|Any CPU.ActiveCfg = Debug-Net45|Any CPU
		{D04A518A-99C4-4E7D-ABED-6641D4280252}.Debug-Net45|Any CPU.Build.0 = Debug-Net45|Any CPU
		{D04A518A-99C4-4E7D-ABED-6641D4280252}.Nunit-Net45|Any CPU.ActiveCfg = Nunit-Net45|Any CPU
		{D04A518A-99C4-4E7D-ABED-6641D4280252}.Nunit-Net45|Any CPU.Build.0 = Nunit-Net45|Any CPU
		{D04A518A-99C4-4E7D-ABED-6641D4280252}.Release-Net40|Any CPU.ActiveCfg = Release-Net40|Any CPU
		{D04A518A-99C4-4E7D-ABED-6641D4280252}.Release-Net40|Any CPU.Build.0 = Release-Net40|Any CPU
		{D04A518A-99C4-4E7D-ABED-6641D4280252}.Release-Net45|Any CPU.ActiveCfg = Release-Net45|Any CPU
		{D04A518A-99C4-4E7D-ABED-6641D4280252}.Release-Net45|Any CPU.Build.0 = Release-Net45|Any CPU
		{7D634A61-C576-4D74-9F47-1A6BA88F1C2E}.Debug-Net45|Any CPU.ActiveCfg = Debug-Net45|Any CPU
		{7D634A61-C576-4D74-9F47-1A6BA88F1C2E}.Debug-Net45|Any CPU.Build.0 = Debug-Net45|Any CPU
		{7D634A61-C576-4D74-9F47-1A6BA88F1C2E}.Nunit-Net45|Any CPU.ActiveCfg = Nunit-Net45|Any CPU
		{7D634A61-C576-4D74-9F47-1A6BA88F1C2E}.Nunit-Net45|Any CPU.Build.0 = Nunit-Net45|Any CPU
		{7D634A61-C576-4D74-9F47-1A6BA88F1C2E}.Release-Net40|Any CPU.ActiveCfg = Release-Net40|Any CPU
		{7D634A61-C576-4D74-9F47-1A6BA88F1C2E}.Release-Net40|Any CPU.Build.0 = Release-Net40|Any CPU
		{7D634A61-C576-4D74-9F47-1A6BA88F1C2E}.Release-Net45|Any CPU.ActiveCfg = Release-Net45|Any CPU
		{7D634A61-C576-4D74-9F47-1A6BA88F1C2E}.Release-Net45|Any CPU.Build.0 = Release-Net45|Any CPU
		{11FA06D7-0E85-4F77-9F74-DB38EFF15951}.Debug-Net45|Any CPU.ActiveCfg = Debug-Net45|Any CPU
		{11FA06D7-0E85-4F77-9F74-DB38EFF15951}.Debug-Net45|Any CPU.Build.0 = Debug-Net45|Any CPU
		{11FA06D7-0E85-4F77-9F74-DB38EFF15951}.Nunit-Net45|Any CPU.ActiveCfg = Nunit-Net45|Any CPU
		{11FA06D7-0E85-4F77-9F74-DB38EFF15951}.Nunit-Net45|Any CPU.Build.0 = Nunit-Net45|Any CPU
		{11FA06D7-0E85-4F77-9F74-DB38EFF15951}.Release-Net40|Any CPU.ActiveCfg = Release-Net40|Any CPU
		{11FA06D7-0E85-4F77-9F74-DB38EFF15951}.Release-Net40|Any CPU.Build.0 = Release-Net40|Any CPU
		{11FA06D7-0E85-4F77-9F74-DB38EFF15951}.Release-Net45|Any CPU.ActiveCfg = Release-Net45|Any CPU
		{11FA06D7-0E85-4F77-9F74-DB38EFF15951}.Release-Net45|Any CPU.Build.0 = Release-Net45|Any CPU
		{AA0FC077-5096-45D3-A99B-D6D70C633D0A}.Debug-Net45|Any CPU.ActiveCfg = Debug-Net45|Any CPU
		{AA0FC077-5096-45D3-A99B-D6D70C633D0A}.Debug-Net45|Any CPU.Build.0 = Debug-Net45|Any CPU
		{AA0FC077-5096-45D3-A99B-D6D70C633D0A}.Nunit-Net45|Any CPU.ActiveCfg = Nunit-Net45|Any CPU
		{AA0FC077-5096-45D3-A99B-D6D70C633D0A}.Nunit-Net45|Any CPU.Build.0 = Nunit-Net45|Any CPU
		{AA0FC077-5096-45D3-A99B-D6D70C633D0A}.Release-Net40|Any CPU.ActiveCfg = Release-Net40|Any CPU
		{AA0FC077-5096-45D3-A99B-D6D70C633D0A}.Release-Net40|Any CPU.Build.0 = Release-Net40|Any CPU
		{AA0FC077-5096-45D3-A99B-D6D70C633D0A}.Release-Net45|Any CPU.ActiveCfg = Release-Net45|Any CPU
		{AA0FC077-5096-45D3-A99B-D6D70C633D0A}.Release-Net45|Any CPU.Build.0 = Release-Net45|Any CPU
	EndGlobalSection
	GlobalSection(SolutionProperties) = preSolution
		HideSolutionNode = FALSE
	EndGlobalSection
EndGlobal
